
Microsoft Visual Studio Solution File, Format Version 12.00
# Visual Studio Version 17
VisualStudioVersion = 17.0.31903.59
MinimumVisualStudioVersion = 10.0.40219.1
Project("{2150E333-8FDC-42A3-9474-1A3956D46DE8}") = "src", "src", "{827E0CD3-B72D-47B6-A68D-7590B98EB39B}"
EndProject
Project("{FAE04EC0-301F-11D3-BF4B-00C04F79EFBC}") = "JewelryMS.Domain", "src\JewelryMS.Domain\JewelryMS.Domain.csproj", "{B9470ED3-8CEF-42AD-8FE7-743CB6B76929}"
EndProject
Project("{FAE04EC0-301F-11D3-BF4B-00C04F79EFBC}") = "JewelryMS.Application", "src\JewelryMS.Application\JewelryMS.Application.csproj", "{C54F3807-C52E-482E-B9D0-40892795E1A6}"
EndProject
Project("{FAE04EC0-301F-11D3-BF4B-00C04F79EFBC}") = "JewelryMS.Infrastructure", "src\JewelryMS.Infrastructure\JewelryMS.Infrastructure.csproj", "{C3DE4873-A0BB-4201-8E4B-1B54FBA0EA51}"
EndProject
Project("{FAE04EC0-301F-11D3-BF4B-00C04F79EFBC}") = "JewelryMS.API", "src\JewelryMS.API\JewelryMS.API.csproj", "{1D2BFDDB-94D8-4EF6-B700-EA5BE16FE444}"
EndProject
Global
	GlobalSection(SolutionConfigurationPlatforms) = preSolution
		Debug|Any CPU = Debug|Any CPU
		Debug|x64 = Debug|x64
		Debug|x86 = Debug|x86
		Release|Any CPU = Release|Any CPU
		Release|x64 = Release|x64
		Release|x86 = Release|x86
	EndGlobalSection
	GlobalSection(ProjectConfigurationPlatforms) = postSolution
		{B9470ED3-8CEF-42AD-8FE7-743CB6B76929}.Debug|Any CPU.ActiveCfg = Debug|Any CPU
		{B9470ED3-8CEF-42AD-8FE7-743CB6B76929}.Debug|Any CPU.Build.0 = Debug|Any CPU
		{B9470ED3-8CEF-42AD-8FE7-743CB6B76929}.Debug|x64.ActiveCfg = Debug|Any CPU
		{B9470ED3-8CEF-42AD-8FE7-743CB6B76929}.Debug|x64.Build.0 = Debug|Any CPU
		{B9470ED3-8CEF-42AD-8FE7-743CB6B76929}.Debug|x86.ActiveCfg = Debug|Any CPU
		{B9470ED3-8CEF-42AD-8FE7-743CB6B76929}.Debug|x86.Build.0 = Debug|Any CPU
		{B9470ED3-8CEF-42AD-8FE7-743CB6B76929}.Release|Any CPU.ActiveCfg = Release|Any CPU
		{B9470ED3-8CEF-42AD-8FE7-743CB6B76929}.Release|Any CPU.Build.0 = Release|Any CPU
		{B9470ED3-8CEF-42AD-8FE7-743CB6B76929}.Release|x64.ActiveCfg = Release|Any CPU
		{B9470ED3-8CEF-42AD-8FE7-743CB6B76929}.Release|x64.Build.0 = Release|Any CPU
		{B9470ED3-8CEF-42AD-8FE7-743CB6B76929}.Release|x86.ActiveCfg = Release|Any CPU
		{B9470ED3-8CEF-42AD-8FE7-743CB6B76929}.Release|x86.Build.0 = Release|Any CPU
		{C54F3807-C52E-482E-B9D0-40892795E1A6}.Debug|Any CPU.ActiveCfg = Debug|Any CPU
		{C54F3807-C52E-482E-B9D0-40892795E1A6}.Debug|Any CPU.Build.0 = Debug|Any CPU
		{C54F3807-C52E-482E-B9D0-40892795E1A6}.Debug|x64.ActiveCfg = Debug|Any CPU
		{C54F3807-C52E-482E-B9D0-40892795E1A6}.Debug|x64.Build.0 = Debug|Any CPU
		{C54F3807-C52E-482E-B9D0-40892795E1A6}.Debug|x86.ActiveCfg = Debug|Any CPU
		{C54F3807-C52E-482E-B9D0-40892795E1A6}.Debug|x86.Build.0 = Debug|Any CPU
		{C54F3807-C52E-482E-B9D0-40892795E1A6}.Release|Any CPU.ActiveCfg = Release|Any CPU
		{C54F3807-C52E-482E-B9D0-40892795E1A6}.Release|Any CPU.Build.0 = Release|Any CPU
		{C54F3807-C52E-482E-B9D0-40892795E1A6}.Release|x64.ActiveCfg = Release|Any CPU
		{C54F3807-C52E-482E-B9D0-40892795E1A6}.Release|x64.Build.0 = Release|Any CPU
		{C54F3807-C52E-482E-B9D0-40892795E1A6}.Release|x86.ActiveCfg = Release|Any CPU
		{C54F3807-C52E-482E-B9D0-40892795E1A6}.Release|x86.Build.0 = Release|Any CPU
		{C3DE4873-A0BB-4201-8E4B-1B54FBA0EA51}.Debug|Any CPU.ActiveCfg = Debug|Any CPU
		{C3DE4873-A0BB-4201-8E4B-1B54FBA0EA51}.Debug|Any CPU.Build.0 = Debug|Any CPU
		{C3DE4873-A0BB-4201-8E4B-1B54FBA0EA51}.Debug|x64.ActiveCfg = Debug|Any CPU
		{C3DE4873-A0BB-4201-8E4B-1B54FBA0EA51}.Debug|x64.Build.0 = Debug|Any CPU
		{C3DE4873-A0BB-4201-8E4B-1B54FBA0EA51}.Debug|x86.ActiveCfg = Debug|Any CPU
		{C3DE4873-A0BB-4201-8E4B-1B54FBA0EA51}.Debug|x86.Build.0 = Debug|Any CPU
		{C3DE4873-A0BB-4201-8E4B-1B54FBA0EA51}.Release|Any CPU.ActiveCfg = Release|Any CPU
		{C3DE4873-A0BB-4201-8E4B-1B54FBA0EA51}.Release|Any CPU.Build.0 = Release|Any CPU
		{C3DE4873-A0BB-4201-8E4B-1B54FBA0EA51}.Release|x64.ActiveCfg = Release|Any CPU
		{C3DE4873-A0BB-4201-8E4B-1B54FBA0EA51}.Release|x64.Build.0 = Release|Any CPU
		{C3DE4873-A0BB-4201-8E4B-1B54FBA0EA51}.Release|x86.ActiveCfg = Release|Any CPU
		{C3DE4873-A0BB-4201-8E4B-1B54FBA0EA51}.Release|x86.Build.0 = Release|Any CPU
		{1D2BFDDB-94D8-4EF6-B700-EA5BE16FE444}.Debug|Any CPU.ActiveCfg = Debug|Any CPU
		{1D2BFDDB-94D8-4EF6-B700-EA5BE16FE444}.Debug|Any CPU.Build.0 = Debug|Any CPU
		{1D2BFDDB-94D8-4EF6-B700-EA5BE16FE444}.Debug|x64.ActiveCfg = Debug|Any CPU
		{1D2BFDDB-94D8-4EF6-B700-EA5BE16FE444}.Debug|x64.Build.0 = Debug|Any CPU
		{1D2BFDDB-94D8-4EF6-B700-EA5BE16FE444}.Debug|x86.ActiveCfg = Debug|Any CPU
		{1D2BFDDB-94D8-4EF6-B700-EA5BE16FE444}.Debug|x86.Build.0 = Debug|Any CPU
		{1D2BFDDB-94D8-4EF6-B700-EA5BE16FE444}.Release|Any CPU.ActiveCfg = Release|Any CPU
		{1D2BFDDB-94D8-4EF6-B700-EA5BE16FE444}.Release|Any CPU.Build.0 = Release|Any CPU
		{1D2BFDDB-94D8-4EF6-B700-EA5BE16FE444}.Release|x64.ActiveCfg = Release|Any CPU
		{1D2BFDDB-94D8-4EF6-B700-EA5BE16FE444}.Release|x64.Build.0 = Release|Any CPU
		{1D2BFDDB-94D8-4EF6-B700-EA5BE16FE444}.Release|x86.ActiveCfg = Release|Any CPU
		{1D2BFDDB-94D8-4EF6-B700-EA5BE16FE444}.Release|x86.Build.0 = Release|Any CPU
	EndGlobalSection
	GlobalSection(SolutionProperties) = preSolution
		HideSolutionNode = FALSE
	EndGlobalSection
	GlobalSection(NestedProjects) = preSolution
		{B9470ED3-8CEF-42AD-8FE7-743CB6B76929} = {827E0CD3-B72D-47B6-A68D-7590B98EB39B}
		{C54F3807-C52E-482E-B9D0-40892795E1A6} = {827E0CD3-B72D-47B6-A68D-7590B98EB39B}
		{C3DE4873-A0BB-4201-8E4B-1B54FBA0EA51} = {827E0CD3-B72D-47B6-A68D-7590B98EB39B}
		{1D2BFDDB-94D8-4EF6-B700-EA5BE16FE444} = {827E0CD3-B72D-47B6-A68D-7590B98EB39B}
	EndGlobalSection
EndGlobal
